
Microsoft Visual Studio Solution File, Format Version 12.00
# Visual Studio Version 17
VisualStudioVersion = 17.9.34902.65
MinimumVisualStudioVersion = 10.0.40219.1
Project("{9A19103F-16F7-4668-BE54-9A1E7A4F7556}") = "CafeDuCoinAPI", "CafeDuCoinAPI.csproj", "{8BE04C19-0057-4ABD-834D-39E5B7810AEC}"
EndProject
Global
	GlobalSection(SolutionConfigurationPlatforms) = preSolution
		Debug|Any CPU = Debug|Any CPU
		Release|Any CPU = Release|Any CPU
	EndGlobalSection
	GlobalSection(ProjectConfigurationPlatforms) = postSolution
		{8BE04C19-0057-4ABD-834D-39E5B7810AEC}.Debug|Any CPU.ActiveCfg = Debug|Any CPU
		{8BE04C19-0057-4ABD-834D-39E5B7810AEC}.Debug|Any CPU.Build.0 = Debug|Any CPU
		{8BE04C19-0057-4ABD-834D-39E5B7810AEC}.Release|Any CPU.ActiveCfg = Release|Any CPU
		{8BE04C19-0057-4ABD-834D-39E5B7810AEC}.Release|Any CPU.Build.0 = Release|Any CPU
	EndGlobalSection
	GlobalSection(SolutionProperties) = preSolution
		HideSolutionNode = FALSE
	EndGlobalSection
	GlobalSection(ExtensibilityGlobals) = postSolution
		SolutionGuid = {3C2FC9DF-38F7-4B03-88F2-F56051AD6C8D}
	EndGlobalSection
EndGlobal
